
Microsoft Visual Studio Solution File, Format Version 12.00
# Visual Studio Version 17
VisualStudioVersion = 17.5.002.0
MinimumVisualStudioVersion = 10.0.40219.1
Project("{2150E333-8FDC-42A3-9474-1A3956D46DE8}") = "src", "src", "{DE26FA53-6F33-46A5-8564-1796FE556D00}"
EndProject
Project("{9A19103F-16F7-4668-BE54-9A1E7A4F7556}") = "Library", "src\Library\Library.csproj", "{098DEE57-CD1E-4DBC-A860-A998D46FE1E7}"
EndProject
Project("{9A19103F-16F7-4668-BE54-9A1E7A4F7556}") = "Program", "src\Program\Program.csproj", "{F802366D-F2D9-4802-B254-4F641966AE40}"
EndProject
Global
	GlobalSection(SolutionConfigurationPlatforms) = preSolution
		Debug|Any CPU = Debug|Any CPU
		Release|Any CPU = Release|Any CPU
	EndGlobalSection
	GlobalSection(ProjectConfigurationPlatforms) = postSolution
		{098DEE57-CD1E-4DBC-A860-A998D46FE1E7}.Debug|Any CPU.ActiveCfg = Debug|Any CPU
		{098DEE57-CD1E-4DBC-A860-A998D46FE1E7}.Debug|Any CPU.Build.0 = Debug|Any CPU
		{098DEE57-CD1E-4DBC-A860-A998D46FE1E7}.Release|Any CPU.ActiveCfg = Release|Any CPU
		{098DEE57-CD1E-4DBC-A860-A998D46FE1E7}.Release|Any CPU.Build.0 = Release|Any CPU
		{F802366D-F2D9-4802-B254-4F641966AE40}.Debug|Any CPU.ActiveCfg = Debug|Any CPU
		{F802366D-F2D9-4802-B254-4F641966AE40}.Debug|Any CPU.Build.0 = Debug|Any CPU
		{F802366D-F2D9-4802-B254-4F641966AE40}.Release|Any CPU.ActiveCfg = Release|Any CPU
		{F802366D-F2D9-4802-B254-4F641966AE40}.Release|Any CPU.Build.0 = Release|Any CPU
	EndGlobalSection
	GlobalSection(SolutionProperties) = preSolution
		HideSolutionNode = FALSE
	EndGlobalSection
	GlobalSection(NestedProjects) = preSolution
		{098DEE57-CD1E-4DBC-A860-A998D46FE1E7} = {DE26FA53-6F33-46A5-8564-1796FE556D00}
		{F802366D-F2D9-4802-B254-4F641966AE40} = {DE26FA53-6F33-46A5-8564-1796FE556D00}
	EndGlobalSection
	GlobalSection(ExtensibilityGlobals) = postSolution
		SolutionGuid = {334CFE30-B9D0-492F-84C8-06E29CDA9AE4}
	EndGlobalSection
EndGlobal
